PODS:
  - ProgressHUD (13.6)
  - SnapKit (5.0.1)

DEPENDENCIES:
  - ProgressHUD
  - SnapKit (~> 5.0.0)

SPEC REPOS:
  trunk:
    - ProgressHUD
    - SnapKit

SPEC CHECKSUMS:
  ProgressHUD: 4bdaa0d2ddf676b23324b199f9facffb5c3a1620
  SnapKit: 97b92857e3df3a0c71833cce143274bf6ef8e5eb

PODFILE CHECKSUM: bdd1cd9a64f6fe7d1bf728955d842db99149c85c

COCOAPODS: 1.10.1
