// !$*UTF8*$!
{
	archiveVersion = 1;
	classes = {
	};
	objectVersion = 52;
	objects = {

/* Begin PBXBuildFile section */
		45547508ED9007211D11C19F /* Pods_watsupTests.framework in Frameworks */ = {isa = PBXBuildFile; fileRef = B55274C625C0B5E15B2008A9 /* Pods_watsupTests.framework */; };
		5A0E5C4FF17B7C0C0D50808F /* Pods_watsup.framework in Frameworks */ = {isa = PBXBuildFile; fileRef = 3BE4F664F618D362578A81C1 /* Pods_watsup.framework */; };
		8F0E41CD25B85EE2008AA995 /* Main.storyboard in Resources */ = {isa = PBXBuildFile; fileRef = 8F0E41CC25B85EE2008AA995 /* Main.storyboard */; };
		8F0E41D225B88724008AA995 /* Group.storyboard in Resources */ = {isa = PBXBuildFile; fileRef = 8F0E41D125B88724008AA995 /* Group.storyboard */; };
		8F0E41E025B9C61E008AA995 /* GroupListViewController.swift in Sources */ = {isa = PBXBuildFile; fileRef = 8F0E41DF25B9C61E008AA995 /* GroupListViewController.swift */; };
		8F0E41E525B9C62D008AA995 /* GroupDetailViewController.swift in Sources */ = {isa = PBXBuildFile; fileRef = 8F0E41E425B9C62D008AA995 /* GroupDetailViewController.swift */; };
		8F0E41EC25B9C6A0008AA995 /* UserDetailViewController.swift in Sources */ = {isa = PBXBuildFile; fileRef = 8F0E41EA25B9C6A0008AA995 /* UserDetailViewController.swift */; };
		8F0E41ED25B9C6A0008AA995 /* UserDetailViewController.xib in Resources */ = {isa = PBXBuildFile; fileRef = 8F0E41EB25B9C6A0008AA995 /* UserDetailViewController.xib */; };
		8F0E420A25B9CA03008AA995 /* MainViewController.swift in Sources */ = {isa = PBXBuildFile; fileRef = 8F0E420925B9CA03008AA995 /* MainViewController.swift */; };
		8F0E421425B9CD64008AA995 /* SelectEmotionView.xib in Resources */ = {isa = PBXBuildFile; fileRef = 8F0E421325B9CD64008AA995 /* SelectEmotionView.xib */; };
		8F0E421925B9CD75008AA995 /* SelectEmotionView.swift in Sources */ = {isa = PBXBuildFile; fileRef = 8F0E421825B9CD75008AA995 /* SelectEmotionView.swift */; };
		8F0E421E25B9D0A3008AA995 /* XibView.swift in Sources */ = {isa = PBXBuildFile; fileRef = 8F0E421D25B9D0A3008AA995 /* XibView.swift */; };
		8F2C59F625BB2585004FF9EF /* EmotionRegisterView.xib in Resources */ = {isa = PBXBuildFile; fileRef = 8F2C59F525BB2585004FF9EF /* EmotionRegisterView.xib */; };
		8F2C59FB25BB25BD004FF9EF /* EmotionRegisterView.swift in Sources */ = {isa = PBXBuildFile; fileRef = 8F2C59FA25BB25BD004FF9EF /* EmotionRegisterView.swift */; };
		8F2C5A0625BB2CAB004FF9EF /* RandomEmotionView.xib in Resources */ = {isa = PBXBuildFile; fileRef = 8F2C5A0525BB2CAB004FF9EF /* RandomEmotionView.xib */; };
		8F2C5A0B25BB2CBD004FF9EF /* RandomEmotionView.swift in Sources */ = {isa = PBXBuildFile; fileRef = 8F2C5A0A25BB2CBD004FF9EF /* RandomEmotionView.swift */; };
		8F2C5A1025BB2F70004FF9EF /* EmotionView.xib in Resources */ = {isa = PBXBuildFile; fileRef = 8F2C5A0F25BB2F70004FF9EF /* EmotionView.xib */; };
		8F2C5A1525BB2FBA004FF9EF /* EmotionView.swift in Sources */ = {isa = PBXBuildFile; fileRef = 8F2C5A1425BB2FBA004FF9EF /* EmotionView.swift */; };
		8F2C5A2125BB3917004FF9EF /* CommonEnums.swift in Sources */ = {isa = PBXBuildFile; fileRef = 8F2C5A2025BB3917004FF9EF /* CommonEnums.swift */; };
		8F2C5A2A25BB4C22004FF9EF /* EmotionLog.swift in Sources */ = {isa = PBXBuildFile; fileRef = 8F2C5A2925BB4C22004FF9EF /* EmotionLog.swift */; };
		8F2C5A9425C064B4004FF9EF /* CommonLibrary in Frameworks */ = {isa = PBXBuildFile; productRef = 8F2C5A9325C064B4004FF9EF /* CommonLibrary */; };
		8F2C5AA125C067D3004FF9EF /* API.swift in Sources */ = {isa = PBXBuildFile; fileRef = 8F2C5AA025C067D3004FF9EF /* API.swift */; };
		8F2C5AA625C069D0004FF9EF /* APIModel.swift in Sources */ = {isa = PBXBuildFile; fileRef = 8F2C5AA525C069D0004FF9EF /* APIModel.swift */; };
		8F2C5AAB25C06C0E004FF9EF /* APIConstants.swift in Sources */ = {isa = PBXBuildFile; fileRef = 8F2C5AAA25C06C0E004FF9EF /* APIConstants.swift */; };
		8F2C5AB125C06DA0004FF9EF /* Request.swift in Sources */ = {isa = PBXBuildFile; fileRef = 8F2C5AB025C06DA0004FF9EF /* Request.swift */; };
		8F2C5ADE25C1BC37004FF9EF /* Auth.storyboard in Resources */ = {isa = PBXBuildFile; fileRef = 8F2C5ADD25C1BC37004FF9EF /* Auth.storyboard */; };
		8F5AD3D125C1C50100DBF158 /* AuthMainViewController.swift in Sources */ = {isa = PBXBuildFile; fileRef = 8F5AD3D025C1C50100DBF158 /* AuthMainViewController.swift */; };
		8F5AD3D625C1C51800DBF158 /* AuthJoinViewController.swift in Sources */ = {isa = PBXBuildFile; fileRef = 8F5AD3D525C1C51800DBF158 /* AuthJoinViewController.swift */; };
		8F5AD3DB25C1C52600DBF158 /* AuthLoginViewController.swift in Sources */ = {isa = PBXBuildFile; fileRef = 8F5AD3DA25C1C52600DBF158 /* AuthLoginViewController.swift */; };
		8F5AD3E025C1C85700DBF158 /* CommonConstants.swift in Sources */ = {isa = PBXBuildFile; fileRef = 8F5AD3DF25C1C85700DBF158 /* CommonConstants.swift */; };
		8F5AD3E625C1CA1B00DBF158 /* PostUsersResponse.swift in Sources */ = {isa = PBXBuildFile; fileRef = 8F5AD3E525C1CA1B00DBF158 /* PostUsersResponse.swift */; };
		8F5AD3EF25C1CA4800DBF158 /* Encodable+Extension.swift in Sources */ = {isa = PBXBuildFile; fileRef = 8F5AD3EE25C1CA4800DBF158 /* Encodable+Extension.swift */; };
		8F5AD3F725C1CDB200DBF158 /* APIEventMonitor.swift in Sources */ = {isa = PBXBuildFile; fileRef = 8F5AD3F625C1CDB200DBF158 /* APIEventMonitor.swift */; };
		8F5AD3FC25C45F7300DBF158 /* PostAuthResponse.swift in Sources */ = {isa = PBXBuildFile; fileRef = 8F5AD3FB25C45F7300DBF158 /* PostAuthResponse.swift */; };
		8F5AD40125C45F9100DBF158 /* CommonResponse.swift in Sources */ = {isa = PBXBuildFile; fileRef = 8F5AD40025C45F9100DBF158 /* CommonResponse.swift */; };
		8F5AD40D25C4630C00DBF158 /* AuthLoginViewModel.swift in Sources */ = {isa = PBXBuildFile; fileRef = 8F5AD40C25C4630C00DBF158 /* AuthLoginViewModel.swift */; };
		8F5D590225C466270095C21A /* Setting.storyboard in Resources */ = {isa = PBXBuildFile; fileRef = 8F5D590125C466270095C21A /* Setting.storyboard */; };
		8F5D591D25C473860095C21A /* UIButton+Extension.swift in Sources */ = {isa = PBXBuildFile; fileRef = 8F5D591C25C473860095C21A /* UIButton+Extension.swift */; };
		8F5D592225C474D20095C21A /* UIView+Extension.swift in Sources */ = {isa = PBXBuildFile; fileRef = 8F5D592125C474D20095C21A /* UIView+Extension.swift */; };
		8F5D592C25C486AE0095C21A /* PostGroupsRequest.swift in Sources */ = {isa = PBXBuildFile; fileRef = 8F5D592B25C486AE0095C21A /* PostGroupsRequest.swift */; };
		8F5D593125C4871E0095C21A /* PostGroupsResponse.swift in Sources */ = {isa = PBXBuildFile; fileRef = 8F5D593025C4871E0095C21A /* PostGroupsResponse.swift */; };
		8F5D593E25C4899A0095C21A /* GetUsersResponse.swift in Sources */ = {isa = PBXBuildFile; fileRef = 8F5D593D25C4899A0095C21A /* GetUsersResponse.swift */; };
		8F5D594325C489D10095C21A /* SettingViewController.swift in Sources */ = {isa = PBXBuildFile; fileRef = 8F5D594225C489D10095C21A /* SettingViewController.swift */; };
		8F5D594B25C4924C0095C21A /* GetUserProfileResponse.swift in Sources */ = {isa = PBXBuildFile; fileRef = 8F5D594A25C4924C0095C21A /* GetUserProfileResponse.swift */; };
		8F5D595025C494230095C21A /* APIInterceptor.swift in Sources */ = {isa = PBXBuildFile; fileRef = 8F5D594F25C494230095C21A /* APIInterceptor.swift */; };
		8F5D595525C496EC0095C21A /* APITokenStorage.swift in Sources */ = {isa = PBXBuildFile; fileRef = 8F5D595425C496EC0095C21A /* APITokenStorage.swift */; };
		8F5D595C25C5648C0095C21A /* SettingProfileTableViewCell.swift in Sources */ = {isa = PBXBuildFile; fileRef = 8F5D595A25C5648C0095C21A /* SettingProfileTableViewCell.swift */; };
		8F5D595D25C5648C0095C21A /* SettingProfileTableViewCell.xib in Resources */ = {isa = PBXBuildFile; fileRef = 8F5D595B25C5648C0095C21A /* SettingProfileTableViewCell.xib */; };
		8F5D596425C5A75F0095C21A /* GroupInvitedCollectionViewCell.swift in Sources */ = {isa = PBXBuildFile; fileRef = 8F5D596225C5A75F0095C21A /* GroupInvitedCollectionViewCell.swift */; };
		8F5D596525C5A75F0095C21A /* GroupInvitedCollectionViewCell.xib in Resources */ = {isa = PBXBuildFile; fileRef = 8F5D596325C5A75F0095C21A /* GroupInvitedCollectionViewCell.xib */; };
		8F5D596E25C5A8C80095C21A /* GroupInvitedTableViewCell.swift in Sources */ = {isa = PBXBuildFile; fileRef = 8F5D596C25C5A8C80095C21A /* GroupInvitedTableViewCell.swift */; };
		8F5D596F25C5A8C80095C21A /* GroupInvitedTableViewCell.xib in Resources */ = {isa = PBXBuildFile; fileRef = 8F5D596D25C5A8C80095C21A /* GroupInvitedTableViewCell.xib */; };
		8F5D597C25C84CC00095C21A /* AuthRequestVerificationCode.swift in Sources */ = {isa = PBXBuildFile; fileRef = 8F5D597B25C84CBF0095C21A /* AuthRequestVerificationCode.swift */; };
		8F5D598525C84F6E0095C21A /* AuthVerifyCodeViewController.swift in Sources */ = {isa = PBXBuildFile; fileRef = 8F5D598425C84F6E0095C21A /* AuthVerifyCodeViewController.swift */; };
		8F5D598A25C854E30095C21A /* PostCSForgotPassword.swift in Sources */ = {isa = PBXBuildFile; fileRef = 8F5D598925C854E30095C21A /* PostCSForgotPassword.swift */; };
		8F5D598F25C855260095C21A /* PutCSForgotPassword.swift in Sources */ = {isa = PBXBuildFile; fileRef = 8F5D598E25C855260095C21A /* PutCSForgotPassword.swift */; };
		8F5D59B025C863EF0095C21A /* PutCSForgotPasswordResponse.swift in Sources */ = {isa = PBXBuildFile; fileRef = 8F5D59AF25C863EE0095C21A /* PutCSForgotPasswordResponse.swift */; };
		8F5D59B825C864810095C21A /* AuthVerifyCodeViewModel.swift in Sources */ = {isa = PBXBuildFile; fileRef = 8F5D59B725C864810095C21A /* AuthVerifyCodeViewModel.swift */; };
		8F5D5A0325CE67A40095C21A /* Realm in Frameworks */ = {isa = PBXBuildFile; productRef = 8F5D5A0225CE67A40095C21A /* Realm */; };
		8F5D5A0525CE67A40095C21A /* RealmSwift in Frameworks */ = {isa = PBXBuildFile; productRef = 8F5D5A0425CE67A40095C21A /* RealmSwift */; };
		8F5D5A3425CECF400095C21A /* GetUserGroupRequest.swift in Sources */ = {isa = PBXBuildFile; fileRef = 8F5D5A3325CECF400095C21A /* GetUserGroupRequest.swift */; };
		8F5D5A3C25CECF9C0095C21A /* GetUserGroupResponse.swift in Sources */ = {isa = PBXBuildFile; fileRef = 8F5D5A3B25CECF9C0095C21A /* GetUserGroupResponse.swift */; };
		8F5D5A4525D1741F0095C21A /* PostCSForgotPasswordResponse.swift in Sources */ = {isa = PBXBuildFile; fileRef = 8F5D5A4425D1741F0095C21A /* PostCSForgotPasswordResponse.swift */; };
		8F5D5A5525D176300095C21A /* APIError.swift in Sources */ = {isa = PBXBuildFile; fileRef = 8F5D5A5425D176300095C21A /* APIError.swift */; };
		8F5D5A5D25D181AD0095C21A /* GetUserRequest.swift in Sources */ = {isa = PBXBuildFile; fileRef = 8F5D5A5C25D181AD0095C21A /* GetUserRequest.swift */; };
		8F5D5A6225D182420095C21A /* GetUserProfileRequest.swift in Sources */ = {isa = PBXBuildFile; fileRef = 8F5D5A6125D182420095C21A /* GetUserProfileRequest.swift */; };
		8F5D5A6725D186CF0095C21A /* GetGroupsResponse.swift in Sources */ = {isa = PBXBuildFile; fileRef = 8F5D5A6625D186CF0095C21A /* GetGroupsResponse.swift */; };
		8F5D5A6C25D187D80095C21A /* GetGroupRequest.swift in Sources */ = {isa = PBXBuildFile; fileRef = 8F5D5A6B25D187D80095C21A /* GetGroupRequest.swift */; };
		8F61769B25B856140059B4B7 /* AppDelegate.swift in Sources */ = {isa = PBXBuildFile; fileRef = 8F61769A25B856140059B4B7 /* AppDelegate.swift */; };
		8F61769F25B856140059B4B7 /* TabBarController.swift in Sources */ = {isa = PBXBuildFile; fileRef = 8F61769E25B856140059B4B7 /* TabBarController.swift */; };
		8F6176A225B856140059B4B7 /* TabBar.storyboard in Resources */ = {isa = PBXBuildFile; fileRef = 8F6176A025B856140059B4B7 /* TabBar.storyboard */; };
		8F6176A425B856150059B4B7 /* Assets.xcassets in Resources */ = {isa = PBXBuildFile; fileRef = 8F6176A325B856150059B4B7 /* Assets.xcassets */; };
		8F6176A725B856150059B4B7 /* LaunchScreen.storyboard in Resources */ = {isa = PBXBuildFile; fileRef = 8F6176A525B856150059B4B7 /* LaunchScreen.storyboard */; };
		8F6176B225B856160059B4B7 /* watsupTests.swift in Sources */ = {isa = PBXBuildFile; fileRef = 8F6176B125B856160059B4B7 /* watsupTests.swift */; };
		8F6176BD25B856160059B4B7 /* watsupUITests.swift in Sources */ = {isa = PBXBuildFile; fileRef = 8F6176BC25B856160059B4B7 /* watsupUITests.swift */; };
		8FD6448E25BAFB010056F74E /* BaseViewController.swift in Sources */ = {isa = PBXBuildFile; fileRef = 8FD6448D25BAFB010056F74E /* BaseViewController.swift */; };
		F2945437CC694AE7593EEE3C /* Pods_watsup_watsupUITests.framework in Frameworks */ = {isa = PBXBuildFile; fileRef = 54D00D3B659A21D03D72F26B /* Pods_watsup_watsupUITests.framework */; };
/* End PBXBuildFile section */

/* Begin PBXContainerItemProxy section */
		8F6176AE25B856160059B4B7 /* PBXContainerItemProxy */ = {
			isa = PBXContainerItemProxy;
			containerPortal = 8F61768F25B856140059B4B7 /* Project object */;
			proxyType = 1;
			remoteGlobalIDString = 8F61769625B856140059B4B7;
			remoteInfo = watsup;
		};
		8F6176B925B856160059B4B7 /* PBXContainerItemProxy */ = {
			isa = PBXContainerItemProxy;
			containerPortal = 8F61768F25B856140059B4B7 /* Project object */;
			proxyType = 1;
			remoteGlobalIDString = 8F61769625B856140059B4B7;
			remoteInfo = watsup;
		};
/* End PBXContainerItemProxy section */

/* Begin PBXFileReference section */
		011C5311030AF4467DC63AF6 /* Pods-watsupTests.release.xcconfig */ = {isa = PBXFileReference; includeInIndex = 1; lastKnownFileType = text.xcconfig; name = "Pods-watsupTests.release.xcconfig"; path = "Target Support Files/Pods-watsupTests/Pods-watsupTests.release.xcconfig"; sourceTree = "<group>"; };
		1DBE657E9F6835EB43FF5A1D /* Pods-watsup-watsupUITests.debug.xcconfig */ = {isa = PBXFileReference; includeInIndex = 1; lastKnownFileType = text.xcconfig; name = "Pods-watsup-watsupUITests.debug.xcconfig"; path = "Target Support Files/Pods-watsup-watsupUITests/Pods-watsup-watsupUITests.debug.xcconfig"; sourceTree = "<group>"; };
		3BE4F664F618D362578A81C1 /* Pods_watsup.framework */ = {isa = PBXFileReference; explicitFileType = wrapper.framework; includeInIndex = 0; path = Pods_watsup.framework; sourceTree = BUILT_PRODUCTS_DIR; };
		4FC462EAB5F2AA314ECC1401 /* Pods-watsup.release.xcconfig */ = {isa = PBXFileReference; includeInIndex = 1; lastKnownFileType = text.xcconfig; name = "Pods-watsup.release.xcconfig"; path = "Target Support Files/Pods-watsup/Pods-watsup.release.xcconfig"; sourceTree = "<group>"; };
		54D00D3B659A21D03D72F26B /* Pods_watsup_watsupUITests.framework */ = {isa = PBXFileReference; explicitFileType = wrapper.framework; includeInIndex = 0; path = Pods_watsup_watsupUITests.framework; sourceTree = BUILT_PRODUCTS_DIR; };
		8F0E41CC25B85EE2008AA995 /* Main.storyboard */ = {isa = PBXFileReference; lastKnownFileType = file.storyboard; path = Main.storyboard; sourceTree = "<group>"; };
		8F0E41D125B88724008AA995 /* Group.storyboard */ = {isa = PBXFileReference; lastKnownFileType = file.storyboard; path = Group.storyboard; sourceTree = "<group>"; };
		8F0E41DF25B9C61E008AA995 /* GroupListViewController.swift */ = {isa = PBXFileReference; lastKnownFileType = sourcecode.swift; path = GroupListViewController.swift; sourceTree = "<group>"; };
		8F0E41E425B9C62D008AA995 /* GroupDetailViewController.swift */ = {isa = PBXFileReference; lastKnownFileType = sourcecode.swift; path = GroupDetailViewController.swift; sourceTree = "<group>"; };
		8F0E41EA25B9C6A0008AA995 /* UserDetailViewController.swift */ = {isa = PBXFileReference; lastKnownFileType = sourcecode.swift; path = UserDetailViewController.swift; sourceTree = "<group>"; };
		8F0E41EB25B9C6A0008AA995 /* UserDetailViewController.xib */ = {isa = PBXFileReference; lastKnownFileType = file.xib; path = UserDetailViewController.xib; sourceTree = "<group>"; };
		8F0E420925B9CA03008AA995 /* MainViewController.swift */ = {isa = PBXFileReference; lastKnownFileType = sourcecode.swift; path = MainViewController.swift; sourceTree = "<group>"; };
		8F0E421325B9CD64008AA995 /* SelectEmotionView.xib */ = {isa = PBXFileReference; lastKnownFileType = file.xib; path = SelectEmotionView.xib; sourceTree = "<group>"; };
		8F0E421825B9CD75008AA995 /* SelectEmotionView.swift */ = {isa = PBXFileReference; lastKnownFileType = sourcecode.swift; path = SelectEmotionView.swift; sourceTree = "<group>"; };
		8F0E421D25B9D0A3008AA995 /* XibView.swift */ = {isa = PBXFileReference; lastKnownFileType = sourcecode.swift; path = XibView.swift; sourceTree = "<group>"; };
		8F2C59F525BB2585004FF9EF /* EmotionRegisterView.xib */ = {isa = PBXFileReference; lastKnownFileType = file.xib; path = EmotionRegisterView.xib; sourceTree = "<group>"; };
		8F2C59FA25BB25BD004FF9EF /* EmotionRegisterView.swift */ = {isa = PBXFileReference; lastKnownFileType = sourcecode.swift; path = EmotionRegisterView.swift; sourceTree = "<group>"; };
		8F2C5A0525BB2CAB004FF9EF /* RandomEmotionView.xib */ = {isa = PBXFileReference; lastKnownFileType = file.xib; path = RandomEmotionView.xib; sourceTree = "<group>"; };
		8F2C5A0A25BB2CBD004FF9EF /* RandomEmotionView.swift */ = {isa = PBXFileReference; lastKnownFileType = sourcecode.swift; path = RandomEmotionView.swift; sourceTree = "<group>"; };
		8F2C5A0F25BB2F70004FF9EF /* EmotionView.xib */ = {isa = PBXFileReference; lastKnownFileType = file.xib; path = EmotionView.xib; sourceTree = "<group>"; };
		8F2C5A1425BB2FBA004FF9EF /* EmotionView.swift */ = {isa = PBXFileReference; lastKnownFileType = sourcecode.swift; path = EmotionView.swift; sourceTree = "<group>"; };
		8F2C5A2025BB3917004FF9EF /* CommonEnums.swift */ = {isa = PBXFileReference; lastKnownFileType = sourcecode.swift; path = CommonEnums.swift; sourceTree = "<group>"; };
		8F2C5A2925BB4C22004FF9EF /* EmotionLog.swift */ = {isa = PBXFileReference; lastKnownFileType = sourcecode.swift; path = EmotionLog.swift; sourceTree = "<group>"; };
		8F2C5AA025C067D3004FF9EF /* API.swift */ = {isa = PBXFileReference; lastKnownFileType = sourcecode.swift; path = API.swift; sourceTree = "<group>"; };
		8F2C5AA525C069D0004FF9EF /* APIModel.swift */ = {isa = PBXFileReference; lastKnownFileType = sourcecode.swift; path = APIModel.swift; sourceTree = "<group>"; };
		8F2C5AAA25C06C0E004FF9EF /* APIConstants.swift */ = {isa = PBXFileReference; lastKnownFileType = sourcecode.swift; path = APIConstants.swift; sourceTree = "<group>"; };
		8F2C5AB025C06DA0004FF9EF /* Request.swift */ = {isa = PBXFileReference; lastKnownFileType = sourcecode.swift; path = Request.swift; sourceTree = "<group>"; };
		8F2C5ACC25C1AFAD004FF9EF /* watsup.entitlements */ = {isa = PBXFileReference; lastKnownFileType = text.plist.entitlements; path = watsup.entitlements; sourceTree = "<group>"; };
		8F2C5ADD25C1BC37004FF9EF /* Auth.storyboard */ = {isa = PBXFileReference; lastKnownFileType = file.storyboard; path = Auth.storyboard; sourceTree = "<group>"; };
		8F5AD3D025C1C50100DBF158 /* AuthMainViewController.swift */ = {isa = PBXFileReference; lastKnownFileType = sourcecode.swift; path = AuthMainViewController.swift; sourceTree = "<group>"; };
		8F5AD3D525C1C51800DBF158 /* AuthJoinViewController.swift */ = {isa = PBXFileReference; lastKnownFileType = sourcecode.swift; path = AuthJoinViewController.swift; sourceTree = "<group>"; };
		8F5AD3DA25C1C52600DBF158 /* AuthLoginViewController.swift */ = {isa = PBXFileReference; lastKnownFileType = sourcecode.swift; path = AuthLoginViewController.swift; sourceTree = "<group>"; };
		8F5AD3DF25C1C85700DBF158 /* CommonConstants.swift */ = {isa = PBXFileReference; lastKnownFileType = sourcecode.swift; path = CommonConstants.swift; sourceTree = "<group>"; };
		8F5AD3E525C1CA1B00DBF158 /* PostUsersResponse.swift */ = {isa = PBXFileReference; lastKnownFileType = sourcecode.swift; path = PostUsersResponse.swift; sourceTree = "<group>"; };
		8F5AD3EE25C1CA4800DBF158 /* Encodable+Extension.swift */ = {isa = PBXFileReference; lastKnownFileType = sourcecode.swift; path = "Encodable+Extension.swift"; sourceTree = "<group>"; };
		8F5AD3F625C1CDB200DBF158 /* APIEventMonitor.swift */ = {isa = PBXFileReference; lastKnownFileType = sourcecode.swift; path = APIEventMonitor.swift; sourceTree = "<group>"; };
		8F5AD3FB25C45F7300DBF158 /* PostAuthResponse.swift */ = {isa = PBXFileReference; lastKnownFileType = sourcecode.swift; path = PostAuthResponse.swift; sourceTree = "<group>"; };
		8F5AD40025C45F9100DBF158 /* CommonResponse.swift */ = {isa = PBXFileReference; lastKnownFileType = sourcecode.swift; path = CommonResponse.swift; sourceTree = "<group>"; };
		8F5AD40C25C4630C00DBF158 /* AuthLoginViewModel.swift */ = {isa = PBXFileReference; lastKnownFileType = sourcecode.swift; path = AuthLoginViewModel.swift; sourceTree = "<group>"; };
		8F5D590125C466270095C21A /* Setting.storyboard */ = {isa = PBXFileReference; lastKnownFileType = file.storyboard; path = Setting.storyboard; sourceTree = "<group>"; };
		8F5D591C25C473860095C21A /* UIButton+Extension.swift */ = {isa = PBXFileReference; lastKnownFileType = sourcecode.swift; path = "UIButton+Extension.swift"; sourceTree = "<group>"; };
		8F5D592125C474D20095C21A /* UIView+Extension.swift */ = {isa = PBXFileReference; lastKnownFileType = sourcecode.swift; path = "UIView+Extension.swift"; sourceTree = "<group>"; };
		8F5D592B25C486AE0095C21A /* PostGroupsRequest.swift */ = {isa = PBXFileReference; lastKnownFileType = sourcecode.swift; path = PostGroupsRequest.swift; sourceTree = "<group>"; };
		8F5D593025C4871E0095C21A /* PostGroupsResponse.swift */ = {isa = PBXFileReference; lastKnownFileType = sourcecode.swift; path = PostGroupsResponse.swift; sourceTree = "<group>"; };
		8F5D593D25C4899A0095C21A /* GetUsersResponse.swift */ = {isa = PBXFileReference; lastKnownFileType = sourcecode.swift; path = GetUsersResponse.swift; sourceTree = "<group>"; };
		8F5D594225C489D10095C21A /* SettingViewController.swift */ = {isa = PBXFileReference; lastKnownFileType = sourcecode.swift; path = SettingViewController.swift; sourceTree = "<group>"; };
		8F5D594A25C4924C0095C21A /* GetUserProfileResponse.swift */ = {isa = PBXFileReference; lastKnownFileType = sourcecode.swift; path = GetUserProfileResponse.swift; sourceTree = "<group>"; };
		8F5D594F25C494230095C21A /* APIInterceptor.swift */ = {isa = PBXFileReference; lastKnownFileType = sourcecode.swift; path = APIInterceptor.swift; sourceTree = "<group>"; };
		8F5D595425C496EC0095C21A /* APITokenStorage.swift */ = {isa = PBXFileReference; lastKnownFileType = sourcecode.swift; path = APITokenStorage.swift; sourceTree = "<group>"; };
		8F5D595A25C5648C0095C21A /* SettingProfileTableViewCell.swift */ = {isa = PBXFileReference; lastKnownFileType = sourcecode.swift; path = SettingProfileTableViewCell.swift; sourceTree = "<group>"; };
		8F5D595B25C5648C0095C21A /* SettingProfileTableViewCell.xib */ = {isa = PBXFileReference; lastKnownFileType = file.xib; path = SettingProfileTableViewCell.xib; sourceTree = "<group>"; };
		8F5D596225C5A75F0095C21A /* GroupInvitedCollectionViewCell.swift */ = {isa = PBXFileReference; lastKnownFileType = sourcecode.swift; path = GroupInvitedCollectionViewCell.swift; sourceTree = "<group>"; };
		8F5D596325C5A75F0095C21A /* GroupInvitedCollectionViewCell.xib */ = {isa = PBXFileReference; lastKnownFileType = file.xib; path = GroupInvitedCollectionViewCell.xib; sourceTree = "<group>"; };
		8F5D596C25C5A8C80095C21A /* GroupInvitedTableViewCell.swift */ = {isa = PBXFileReference; lastKnownFileType = sourcecode.swift; path = GroupInvitedTableViewCell.swift; sourceTree = "<group>"; };
		8F5D596D25C5A8C80095C21A /* GroupInvitedTableViewCell.xib */ = {isa = PBXFileReference; lastKnownFileType = file.xib; path = GroupInvitedTableViewCell.xib; sourceTree = "<group>"; };
		8F5D597B25C84CBF0095C21A /* AuthRequestVerificationCode.swift */ = {isa = PBXFileReference; lastKnownFileType = sourcecode.swift; path = AuthRequestVerificationCode.swift; sourceTree = "<group>"; };
		8F5D598425C84F6E0095C21A /* AuthVerifyCodeViewController.swift */ = {isa = PBXFileReference; lastKnownFileType = sourcecode.swift; path = AuthVerifyCodeViewController.swift; sourceTree = "<group>"; };
		8F5D598925C854E30095C21A /* PostCSForgotPassword.swift */ = {isa = PBXFileReference; lastKnownFileType = sourcecode.swift; path = PostCSForgotPassword.swift; sourceTree = "<group>"; };
		8F5D598E25C855260095C21A /* PutCSForgotPassword.swift */ = {isa = PBXFileReference; lastKnownFileType = sourcecode.swift; path = PutCSForgotPassword.swift; sourceTree = "<group>"; };
		8F5D59AF25C863EE0095C21A /* PutCSForgotPasswordResponse.swift */ = {isa = PBXFileReference; lastKnownFileType = sourcecode.swift; path = PutCSForgotPasswordResponse.swift; sourceTree = "<group>"; };
		8F5D59B725C864810095C21A /* AuthVerifyCodeViewModel.swift */ = {isa = PBXFileReference; lastKnownFileType = sourcecode.swift; path = AuthVerifyCodeViewModel.swift; sourceTree = "<group>"; };
		8F5D5A3325CECF400095C21A /* GetUserGroupRequest.swift */ = {isa = PBXFileReference; lastKnownFileType = sourcecode.swift; path = GetUserGroupRequest.swift; sourceTree = "<group>"; };
		8F5D5A3B25CECF9C0095C21A /* GetUserGroupResponse.swift */ = {isa = PBXFileReference; lastKnownFileType = sourcecode.swift; path = GetUserGroupResponse.swift; sourceTree = "<group>"; };
		8F5D5A4425D1741F0095C21A /* PostCSForgotPasswordResponse.swift */ = {isa = PBXFileReference; lastKnownFileType = sourcecode.swift; path = PostCSForgotPasswordResponse.swift; sourceTree = "<group>"; };
		8F5D5A5425D176300095C21A /* APIError.swift */ = {isa = PBXFileReference; lastKnownFileType = sourcecode.swift; path = APIError.swift; sourceTree = "<group>"; };
		8F5D5A5C25D181AD0095C21A /* GetUserRequest.swift */ = {isa = PBXFileReference; lastKnownFileType = sourcecode.swift; path = GetUserRequest.swift; sourceTree = "<group>"; };
		8F5D5A6125D182420095C21A /* GetUserProfileRequest.swift */ = {isa = PBXFileReference; lastKnownFileType = sourcecode.swift; path = GetUserProfileRequest.swift; sourceTree = "<group>"; };
		8F5D5A6625D186CF0095C21A /* GetGroupsResponse.swift */ = {isa = PBXFileReference; lastKnownFileType = sourcecode.swift; path = GetGroupsResponse.swift; sourceTree = "<group>"; };
		8F5D5A6B25D187D80095C21A /* GetGroupRequest.swift */ = {isa = PBXFileReference; lastKnownFileType = sourcecode.swift; path = GetGroupRequest.swift; sourceTree = "<group>"; };
		8F61769725B856140059B4B7 /* watsup.app */ = {isa = PBXFileReference; explicitFileType = wrapper.application; includeInIndex = 0; path = watsup.app; sourceTree = BUILT_PRODUCTS_DIR; };
		8F61769A25B856140059B4B7 /* AppDelegate.swift */ = {isa = PBXFileReference; lastKnownFileType = sourcecode.swift; path = AppDelegate.swift; sourceTree = "<group>"; };
		8F61769E25B856140059B4B7 /* TabBarController.swift */ = {isa = PBXFileReference; lastKnownFileType = sourcecode.swift; path = TabBarController.swift; sourceTree = "<group>"; };
		8F6176A125B856140059B4B7 /* Base */ = {isa = PBXFileReference; lastKnownFileType = file.storyboard; name = Base; path = Base.lproj/TabBar.storyboard; sourceTree = "<group>"; };
		8F6176A325B856150059B4B7 /* Assets.xcassets */ = {isa = PBXFileReference; lastKnownFileType = folder.assetcatalog; path = Assets.xcassets; sourceTree = "<group>"; };
		8F6176A625B856150059B4B7 /* Base */ = {isa = PBXFileReference; lastKnownFileType = file.storyboard; name = Base; path = Base.lproj/LaunchScreen.storyboard; sourceTree = "<group>"; };
		8F6176A825B856150059B4B7 /* Info.plist */ = {isa = PBXFileReference; lastKnownFileType = text.plist.xml; path = Info.plist; sourceTree = "<group>"; };
		8F6176AD25B856160059B4B7 /* watsupTests.xctest */ = {isa = PBXFileReference; explicitFileType = wrapper.cfbundle; includeInIndex = 0; path = watsupTests.xctest; sourceTree = BUILT_PRODUCTS_DIR; };
		8F6176B125B856160059B4B7 /* watsupTests.swift */ = {isa = PBXFileReference; lastKnownFileType = sourcecode.swift; path = watsupTests.swift; sourceTree = "<group>"; };
		8F6176B325B856160059B4B7 /* Info.plist */ = {isa = PBXFileReference; lastKnownFileType = text.plist.xml; path = Info.plist; sourceTree = "<group>"; };
		8F6176B825B856160059B4B7 /* watsupUITests.xctest */ = {isa = PBXFileReference; explicitFileType = wrapper.cfbundle; includeInIndex = 0; path = watsupUITests.xctest; sourceTree = BUILT_PRODUCTS_DIR; };
		8F6176BC25B856160059B4B7 /* watsupUITests.swift */ = {isa = PBXFileReference; lastKnownFileType = sourcecode.swift; path = watsupUITests.swift; sourceTree = "<group>"; };
		8F6176BE25B856160059B4B7 /* Info.plist */ = {isa = PBXFileReference; lastKnownFileType = text.plist.xml; path = Info.plist; sourceTree = "<group>"; };
		8FD6448D25BAFB010056F74E /* BaseViewController.swift */ = {isa = PBXFileReference; lastKnownFileType = sourcecode.swift; path = BaseViewController.swift; sourceTree = "<group>"; };
		B55274C625C0B5E15B2008A9 /* Pods_watsupTests.framework */ = {isa = PBXFileReference; explicitFileType = wrapper.framework; includeInIndex = 0; path = Pods_watsupTests.framework; sourceTree = BUILT_PRODUCTS_DIR; };
		C9CB51354ACB513130627B1E /* Pods-watsup.debug.xcconfig */ = {isa = PBXFileReference; includeInIndex = 1; lastKnownFileType = text.xcconfig; name = "Pods-watsup.debug.xcconfig"; path = "Target Support Files/Pods-watsup/Pods-watsup.debug.xcconfig"; sourceTree = "<group>"; };
		EC52E897B17F5438C4265895 /* Pods-watsup-watsupUITests.release.xcconfig */ = {isa = PBXFileReference; includeInIndex = 1; lastKnownFileType = text.xcconfig; name = "Pods-watsup-watsupUITests.release.xcconfig"; path = "Target Support Files/Pods-watsup-watsupUITests/Pods-watsup-watsupUITests.release.xcconfig"; sourceTree = "<group>"; };
		FE26638783DFC7123EB90D99 /* Pods-watsupTests.debug.xcconfig */ = {isa = PBXFileReference; includeInIndex = 1; lastKnownFileType = text.xcconfig; name = "Pods-watsupTests.debug.xcconfig"; path = "Target Support Files/Pods-watsupTests/Pods-watsupTests.debug.xcconfig"; sourceTree = "<group>"; };
/* End PBXFileReference section */

/* Begin PBXFrameworksBuildPhase section */
		8F61769425B856140059B4B7 /* Frameworks */ = {
			isa = PBXFrameworksBuildPhase;
			buildActionMask = 2147483647;
			files = (
				8F5D5A0525CE67A40095C21A /* RealmSwift in Frameworks */,
				8F5D5A0325CE67A40095C21A /* Realm in Frameworks */,
				5A0E5C4FF17B7C0C0D50808F /* Pods_watsup.framework in Frameworks */,
				8F2C5A9425C064B4004FF9EF /* CommonLibrary in Frameworks */,
			);
			runOnlyForDeploymentPostprocessing = 0;
		};
		8F6176AA25B856160059B4B7 /* Frameworks */ = {
			isa = PBXFrameworksBuildPhase;
			buildActionMask = 2147483647;
			files = (
				45547508ED9007211D11C19F /* Pods_watsupTests.framework in Frameworks */,
			);
			runOnlyForDeploymentPostprocessing = 0;
		};
		8F6176B525B856160059B4B7 /* Frameworks */ = {
			isa = PBXFrameworksBuildPhase;
			buildActionMask = 2147483647;
			files = (
				F2945437CC694AE7593EEE3C /* Pods_watsup_watsupUITests.framework in Frameworks */,
			);
			runOnlyForDeploymentPostprocessing = 0;
		};
/* End PBXFrameworksBuildPhase section */

/* Begin PBXGroup section */
		64CA84EB21390E25562CD1C1 /* Frameworks */ = {
			isa = PBXGroup;
			children = (
				3BE4F664F618D362578A81C1 /* Pods_watsup.framework */,
				54D00D3B659A21D03D72F26B /* Pods_watsup_watsupUITests.framework */,
				B55274C625C0B5E15B2008A9 /* Pods_watsupTests.framework */,
			);
			name = Frameworks;
			sourceTree = "<group>";
		};
		8F0E41CA25B85EB4008AA995 /* Main */ = {
			isa = PBXGroup;
			children = (
				8FD644A025BB03080056F74E /* Views */,
				8F0E420925B9CA03008AA995 /* MainViewController.swift */,
				8F0E41CC25B85EE2008AA995 /* Main.storyboard */,
			);
			path = Main;
			sourceTree = "<group>";
		};
		8F0E41CB25B85ECB008AA995 /* Group */ = {
			isa = PBXGroup;
			children = (
				8F5D596125C5A73F0095C21A /* Views */,
				8F0E41D125B88724008AA995 /* Group.storyboard */,
				8F0E41DF25B9C61E008AA995 /* GroupListViewController.swift */,
				8F0E41E425B9C62D008AA995 /* GroupDetailViewController.swift */,
			);
			path = Group;
			sourceTree = "<group>";
		};
		8F0E41E925B9C677008AA995 /* Common */ = {
			isa = PBXGroup;
			children = (
				8F2C5A2825BB4C02004FF9EF /* Model */,
				8F0E421225B9CD3D008AA995 /* ViewControllers */,
				8F0E421125B9CD37008AA995 /* Views */,
				8F2C5A2025BB3917004FF9EF /* CommonEnums.swift */,
				8F5AD3DF25C1C85700DBF158 /* CommonConstants.swift */,
			);
			path = Common;
			sourceTree = "<group>";
		};
		8F0E421125B9CD37008AA995 /* Views */ = {
			isa = PBXGroup;
			children = (
				8F0E421325B9CD64008AA995 /* SelectEmotionView.xib */,
				8F0E421825B9CD75008AA995 /* SelectEmotionView.swift */,
				8F2C5A0F25BB2F70004FF9EF /* EmotionView.xib */,
				8F2C5A1425BB2FBA004FF9EF /* EmotionView.swift */,
				8F0E421D25B9D0A3008AA995 /* XibView.swift */,
			);
			path = Views;
			sourceTree = "<group>";
		};
		8F0E421225B9CD3D008AA995 /* ViewControllers */ = {
			isa = PBXGroup;
			children = (
				8F0E41EA25B9C6A0008AA995 /* UserDetailViewController.swift */,
				8F0E41EB25B9C6A0008AA995 /* UserDetailViewController.xib */,
				8FD6448D25BAFB010056F74E /* BaseViewController.swift */,
			);
			path = ViewControllers;
			sourceTree = "<group>";
		};
		8F2C5A2825BB4C02004FF9EF /* Model */ = {
			isa = PBXGroup;
			children = (
				8F2C5A2925BB4C22004FF9EF /* EmotionLog.swift */,
			);
			path = Model;
			sourceTree = "<group>";
		};
		8F2C5A9F25C067B2004FF9EF /* API */ = {
			isa = PBXGroup;
			children = (
				8F2C5AAF25C06D81004FF9EF /* Request */,
				8F5AD3E425C1CA0B00DBF158 /* Response */,
				8F2C5AA025C067D3004FF9EF /* API.swift */,
				8F5D5A5425D176300095C21A /* APIError.swift */,
				8F2C5AA525C069D0004FF9EF /* APIModel.swift */,
				8F2C5AAA25C06C0E004FF9EF /* APIConstants.swift */,
				8F5AD3F625C1CDB200DBF158 /* APIEventMonitor.swift */,
				8F5D594F25C494230095C21A /* APIInterceptor.swift */,
				8F5D595425C496EC0095C21A /* APITokenStorage.swift */,
			);
			path = API;
			sourceTree = "<group>";
		};
		8F2C5AAF25C06D81004FF9EF /* Request */ = {
			isa = PBXGroup;
			children = (
				8F2C5AB025C06DA0004FF9EF /* Request.swift */,
				8F5D592B25C486AE0095C21A /* PostGroupsRequest.swift */,
				8F5D598925C854E30095C21A /* PostCSForgotPassword.swift */,
				8F5D598E25C855260095C21A /* PutCSForgotPassword.swift */,
				8F5D5A3325CECF400095C21A /* GetUserGroupRequest.swift */,
				8F5D5A5C25D181AD0095C21A /* GetUserRequest.swift */,
				8F5D5A6125D182420095C21A /* GetUserProfileRequest.swift */,
				8F5D5A6B25D187D80095C21A /* GetGroupRequest.swift */,
			);
			path = Request;
			sourceTree = "<group>";
		};
		8F2C5AD925C1BC0C004FF9EF /* Auth */ = {
			isa = PBXGroup;
			children = (
				8F5D597A25C84C9E0095C21A /* RequestVerificationCode */,
				8F5D598025C84D8B0095C21A /* VerifyVerificationCode */,
				8F5AD40B25C462FD00DBF158 /* Login */,
				8F5D59A825C8589C0095C21A /* Join */,
				8F2C5ADD25C1BC37004FF9EF /* Auth.storyboard */,
				8F5AD3D025C1C50100DBF158 /* AuthMainViewController.swift */,
			);
			path = Auth;
			sourceTree = "<group>";
		};
		8F5AD3E425C1CA0B00DBF158 /* Response */ = {
			isa = PBXGroup;
			children = (
				8F5AD40025C45F9100DBF158 /* CommonResponse.swift */,
				8F5AD3E525C1CA1B00DBF158 /* PostUsersResponse.swift */,
				8F5AD3FB25C45F7300DBF158 /* PostAuthResponse.swift */,
				8F5D593025C4871E0095C21A /* PostGroupsResponse.swift */,
				8F5D593D25C4899A0095C21A /* GetUsersResponse.swift */,
				8F5D594A25C4924C0095C21A /* GetUserProfileResponse.swift */,
				8F5D59AF25C863EE0095C21A /* PutCSForgotPasswordResponse.swift */,
				8F5D5A4425D1741F0095C21A /* PostCSForgotPasswordResponse.swift */,
				8F5D5A3B25CECF9C0095C21A /* GetUserGroupResponse.swift */,
				8F5D5A6625D186CF0095C21A /* GetGroupsResponse.swift */,
			);
			path = Response;
			sourceTree = "<group>";
		};
		8F5AD3ED25C1CA3500DBF158 /* Extensions */ = {
			isa = PBXGroup;
			children = (
				8F5AD3EE25C1CA4800DBF158 /* Encodable+Extension.swift */,
				8F5D591C25C473860095C21A /* UIButton+Extension.swift */,
				8F5D592125C474D20095C21A /* UIView+Extension.swift */,
			);
			path = Extensions;
			sourceTree = "<group>";
		};
		8F5AD40B25C462FD00DBF158 /* Login */ = {
			isa = PBXGroup;
			children = (
				8F5AD3DA25C1C52600DBF158 /* AuthLoginViewController.swift */,
				8F5AD40C25C4630C00DBF158 /* AuthLoginViewModel.swift */,
			);
			path = Login;
			sourceTree = "<group>";
		};
		8F5D58FB25C4655F0095C21A /* Scene */ = {
			isa = PBXGroup;
			children = (
				8F0E41E925B9C677008AA995 /* Common */,
				8F5D58FF25C4658C0095C21A /* TabBar */,
				8F0E41CA25B85EB4008AA995 /* Main */,
				8F0E41CB25B85ECB008AA995 /* Group */,
				8F5D590025C466100095C21A /* Setting */,
				8F2C5AD925C1BC0C004FF9EF /* Auth */,
			);
			path = Scene;
			sourceTree = "<group>";
		};
		8F5D58FF25C4658C0095C21A /* TabBar */ = {
			isa = PBXGroup;
			children = (
				8F61769E25B856140059B4B7 /* TabBarController.swift */,
				8F6176A025B856140059B4B7 /* TabBar.storyboard */,
			);
			path = TabBar;
			sourceTree = "<group>";
		};
		8F5D590025C466100095C21A /* Setting */ = {
			isa = PBXGroup;
			children = (
				8F5D595925C564340095C21A /* Views */,
				8F5D590125C466270095C21A /* Setting.storyboard */,
				8F5D594225C489D10095C21A /* SettingViewController.swift */,
			);
			path = Setting;
			sourceTree = "<group>";
		};
		8F5D595925C564340095C21A /* Views */ = {
			isa = PBXGroup;
			children = (
				8F5D595A25C5648C0095C21A /* SettingProfileTableViewCell.swift */,
				8F5D595B25C5648C0095C21A /* SettingProfileTableViewCell.xib */,
			);
			path = Views;
			sourceTree = "<group>";
		};
		8F5D596125C5A73F0095C21A /* Views */ = {
			isa = PBXGroup;
			children = (
				8F5D596225C5A75F0095C21A /* GroupInvitedCollectionViewCell.swift */,
				8F5D596325C5A75F0095C21A /* GroupInvitedCollectionViewCell.xib */,
				8F5D596C25C5A8C80095C21A /* GroupInvitedTableViewCell.swift */,
				8F5D596D25C5A8C80095C21A /* GroupInvitedTableViewCell.xib */,
			);
			path = Views;
			sourceTree = "<group>";
		};
		8F5D597A25C84C9E0095C21A /* RequestVerificationCode */ = {
			isa = PBXGroup;
			children = (
				8F5D597B25C84CBF0095C21A /* AuthRequestVerificationCode.swift */,
			);
			path = RequestVerificationCode;
			sourceTree = "<group>";
		};
		8F5D598025C84D8B0095C21A /* VerifyVerificationCode */ = {
			isa = PBXGroup;
			children = (
				8F5D598425C84F6E0095C21A /* AuthVerifyCodeViewController.swift */,
				8F5D59B725C864810095C21A /* AuthVerifyCodeViewModel.swift */,
			);
			path = VerifyVerificationCode;
			sourceTree = "<group>";
		};
		8F5D59A825C8589C0095C21A /* Join */ = {
			isa = PBXGroup;
			children = (
				8F5AD3D525C1C51800DBF158 /* AuthJoinViewController.swift */,
			);
			path = Join;
			sourceTree = "<group>";
		};
		8F61768E25B856140059B4B7 = {
			isa = PBXGroup;
			children = (
				8F61769925B856140059B4B7 /* watsup */,
				8F6176B025B856160059B4B7 /* watsupTests */,
				8F6176BB25B856160059B4B7 /* watsupUITests */,
				8F61769825B856140059B4B7 /* Products */,
				928D342FD6963F276D42C0CD /* Pods */,
				64CA84EB21390E25562CD1C1 /* Frameworks */,
			);
			sourceTree = "<group>";
		};
		8F61769825B856140059B4B7 /* Products */ = {
			isa = PBXGroup;
			children = (
				8F61769725B856140059B4B7 /* watsup.app */,
				8F6176AD25B856160059B4B7 /* watsupTests.xctest */,
				8F6176B825B856160059B4B7 /* watsupUITests.xctest */,
			);
			name = Products;
			sourceTree = "<group>";
		};
		8F61769925B856140059B4B7 /* watsup */ = {
			isa = PBXGroup;
			children = (
				8F2C5ACC25C1AFAD004FF9EF /* watsup.entitlements */,
				8F5AD3ED25C1CA3500DBF158 /* Extensions */,
				8F2C5A9F25C067B2004FF9EF /* API */,
				8F5D58FB25C4655F0095C21A /* Scene */,
				8F61769A25B856140059B4B7 /* AppDelegate.swift */,
				8F6176A325B856150059B4B7 /* Assets.xcassets */,
				8F6176A525B856150059B4B7 /* LaunchScreen.storyboard */,
				8F6176A825B856150059B4B7 /* Info.plist */,
			);
			path = watsup;
			sourceTree = "<group>";
		};
		8F6176B025B856160059B4B7 /* watsupTests */ = {
			isa = PBXGroup;
			children = (
				8F6176B125B856160059B4B7 /* watsupTests.swift */,
				8F6176B325B856160059B4B7 /* Info.plist */,
			);
			path = watsupTests;
			sourceTree = "<group>";
		};
		8F6176BB25B856160059B4B7 /* watsupUITests */ = {
			isa = PBXGroup;
			children = (
				8F6176BC25B856160059B4B7 /* watsupUITests.swift */,
				8F6176BE25B856160059B4B7 /* Info.plist */,
			);
			path = watsupUITests;
			sourceTree = "<group>";
		};
		8FD644A025BB03080056F74E /* Views */ = {
			isa = PBXGroup;
			children = (
				8F2C59F525BB2585004FF9EF /* EmotionRegisterView.xib */,
				8F2C59FA25BB25BD004FF9EF /* EmotionRegisterView.swift */,
				8F2C5A0525BB2CAB004FF9EF /* RandomEmotionView.xib */,
				8F2C5A0A25BB2CBD004FF9EF /* RandomEmotionView.swift */,
			);
			path = Views;
			sourceTree = "<group>";
		};
		928D342FD6963F276D42C0CD /* Pods */ = {
			isa = PBXGroup;
			children = (
				C9CB51354ACB513130627B1E /* Pods-watsup.debug.xcconfig */,
				4FC462EAB5F2AA314ECC1401 /* Pods-watsup.release.xcconfig */,
				1DBE657E9F6835EB43FF5A1D /* Pods-watsup-watsupUITests.debug.xcconfig */,
				EC52E897B17F5438C4265895 /* Pods-watsup-watsupUITests.release.xcconfig */,
				FE26638783DFC7123EB90D99 /* Pods-watsupTests.debug.xcconfig */,
				011C5311030AF4467DC63AF6 /* Pods-watsupTests.release.xcconfig */,
			);
			path = Pods;
			sourceTree = "<group>";
		};
/* End PBXGroup section */

/* Begin PBXNativeTarget section */
		8F61769625B856140059B4B7 /* watsup */ = {
			isa = PBXNativeTarget;
			buildConfigurationList = 8F6176C125B856160059B4B7 /* Build configuration list for PBXNativeTarget "watsup" */;
			buildPhases = (
				95CF6AC8E6B938453326F821 /* [CP] Check Pods Manifest.lock */,
				8F61769325B856140059B4B7 /* Sources */,
				8F61769425B856140059B4B7 /* Frameworks */,
				8F61769525B856140059B4B7 /* Resources */,
				52BBDEE65AC052CFD7136344 /* [CP] Embed Pods Frameworks */,
			);
			buildRules = (
			);
			dependencies = (
			);
			name = watsup;
			packageProductDependencies = (
				8F2C5A9325C064B4004FF9EF /* CommonLibrary */,
				8F5D5A0225CE67A40095C21A /* Realm */,
				8F5D5A0425CE67A40095C21A /* RealmSwift */,
			);
			productName = watsup;
			productReference = 8F61769725B856140059B4B7 /* watsup.app */;
			productType = "com.apple.product-type.application";
		};
		8F6176AC25B856160059B4B7 /* watsupTests */ = {
			isa = PBXNativeTarget;
			buildConfigurationList = 8F6176C425B856160059B4B7 /* Build configuration list for PBXNativeTarget "watsupTests" */;
			buildPhases = (
				2B1313587641D72671DAD889 /* [CP] Check Pods Manifest.lock */,
				8F6176A925B856160059B4B7 /* Sources */,
				8F6176AA25B856160059B4B7 /* Frameworks */,
				8F6176AB25B856160059B4B7 /* Resources */,
			);
			buildRules = (
			);
			dependencies = (
				8F6176AF25B856160059B4B7 /* PBXTargetDependency */,
			);
			name = watsupTests;
			productName = watsupTests;
			productReference = 8F6176AD25B856160059B4B7 /* watsupTests.xctest */;
			productType = "com.apple.product-type.bundle.unit-test";
		};
		8F6176B725B856160059B4B7 /* watsupUITests */ = {
			isa = PBXNativeTarget;
			buildConfigurationList = 8F6176C725B856160059B4B7 /* Build configuration list for PBXNativeTarget "watsupUITests" */;
			buildPhases = (
				2449D344C0397AA26B9B9F85 /* [CP] Check Pods Manifest.lock */,
				8F6176B425B856160059B4B7 /* Sources */,
				8F6176B525B856160059B4B7 /* Frameworks */,
				8F6176B625B856160059B4B7 /* Resources */,
				E6653E7F8D5DC2F67A912CE9 /* [CP] Embed Pods Frameworks */,
			);
			buildRules = (
			);
			dependencies = (
				8F6176BA25B856160059B4B7 /* PBXTargetDependency */,
			);
			name = watsupUITests;
			productName = watsupUITests;
			productReference = 8F6176B825B856160059B4B7 /* watsupUITests.xctest */;
			productType = "com.apple.product-type.bundle.ui-testing";
		};
/* End PBXNativeTarget section */

/* Begin PBXProject section */
		8F61768F25B856140059B4B7 /* Project object */ = {
			isa = PBXProject;
			attributes = {
				LastSwiftUpdateCheck = 1200;
				LastUpgradeCheck = 1200;
				TargetAttributes = {
					8F61769625B856140059B4B7 = {
						CreatedOnToolsVersion = 12.0.1;
					};
					8F6176AC25B856160059B4B7 = {
						CreatedOnToolsVersion = 12.0.1;
						TestTargetID = 8F61769625B856140059B4B7;
					};
					8F6176B725B856160059B4B7 = {
						CreatedOnToolsVersion = 12.0.1;
						TestTargetID = 8F61769625B856140059B4B7;
					};
				};
			};
			buildConfigurationList = 8F61769225B856140059B4B7 /* Build configuration list for PBXProject "watsup" */;
			compatibilityVersion = "Xcode 9.3";
			developmentRegion = en;
			hasScannedForEncodings = 0;
			knownRegions = (
				en,
				Base,
			);
			mainGroup = 8F61768E25B856140059B4B7;
			packageReferences = (
				8F5D5A0125CE67A40095C21A /* XCRemoteSwiftPackageReference "realm-cocoa" */,
			);
			productRefGroup = 8F61769825B856140059B4B7 /* Products */;
			projectDirPath = "";
			projectRoot = "";
			targets = (
				8F61769625B856140059B4B7 /* watsup */,
				8F6176AC25B856160059B4B7 /* watsupTests */,
				8F6176B725B856160059B4B7 /* watsupUITests */,
			);
		};
/* End PBXProject section */

/* Begin PBXResourcesBuildPhase section */
		8F61769525B856140059B4B7 /* Resources */ = {
			isa = PBXResourcesBuildPhase;
			buildActionMask = 2147483647;
			files = (
				8F6176A725B856150059B4B7 /* LaunchScreen.storyboard in Resources */,
				8F0E41CD25B85EE2008AA995 /* Main.storyboard in Resources */,
				8F2C5A1025BB2F70004FF9EF /* EmotionView.xib in Resources */,
				8F0E41ED25B9C6A0008AA995 /* UserDetailViewController.xib in Resources */,
				8F5D596F25C5A8C80095C21A /* GroupInvitedTableViewCell.xib in Resources */,
				8F5D596525C5A75F0095C21A /* GroupInvitedCollectionViewCell.xib in Resources */,
				8F2C59F625BB2585004FF9EF /* EmotionRegisterView.xib in Resources */,
				8F0E41D225B88724008AA995 /* Group.storyboard in Resources */,
				8F2C5A0625BB2CAB004FF9EF /* RandomEmotionView.xib in Resources */,
				8F6176A425B856150059B4B7 /* Assets.xcassets in Resources */,
				8F6176A225B856140059B4B7 /* TabBar.storyboard in Resources */,
				8F5D595D25C5648C0095C21A /* SettingProfileTableViewCell.xib in Resources */,
				8F2C5ADE25C1BC37004FF9EF /* Auth.storyboard in Resources */,
				8F0E421425B9CD64008AA995 /* SelectEmotionView.xib in Resources */,
				8F5D590225C466270095C21A /* Setting.storyboard in Resources */,
			);
			runOnlyForDeploymentPostprocessing = 0;
		};
		8F6176AB25B856160059B4B7 /* Resources */ = {
			isa = PBXResourcesBuildPhase;
			buildActionMask = 2147483647;
			files = (
			);
			runOnlyForDeploymentPostprocessing = 0;
		};
		8F6176B625B856160059B4B7 /* Resources */ = {
			isa = PBXResourcesBuildPhase;
			buildActionMask = 2147483647;
			files = (
			);
			runOnlyForDeploymentPostprocessing = 0;
		};
/* End PBXResourcesBuildPhase section */

/* Begin PBXShellScriptBuildPhase section */
		2449D344C0397AA26B9B9F85 /* [CP] Check Pods Manifest.lock */ = {
			isa = PBXShellScriptBuildPhase;
			buildActionMask = 2147483647;
			files = (
			);
			inputFileListPaths = (
			);
			inputPaths = (
				"${PODS_PODFILE_DIR_PATH}/Podfile.lock",
				"${PODS_ROOT}/Manifest.lock",
			);
			name = "[CP] Check Pods Manifest.lock";
			outputFileListPaths = (
			);
			outputPaths = (
				"$(DERIVED_FILE_DIR)/Pods-watsup-watsupUITests-checkManifestLockResult.txt",
			);
			runOnlyForDeploymentPostprocessing = 0;
			shellPath = /bin/sh;
			shellScript = "diff \"${PODS_PODFILE_DIR_PATH}/Podfile.lock\" \"${PODS_ROOT}/Manifest.lock\" > /dev/null\nif [ $? != 0 ] ; then\n    # print error to STDERR\n    echo \"error: The sandbox is not in sync with the Podfile.lock. Run 'pod install' or update your CocoaPods installation.\" >&2\n    exit 1\nfi\n# This output is used by Xcode 'outputs' to avoid re-running this script phase.\necho \"SUCCESS\" > \"${SCRIPT_OUTPUT_FILE_0}\"\n";
			showEnvVarsInLog = 0;
		};
		2B1313587641D72671DAD889 /* [CP] Check Pods Manifest.lock */ = {
			isa = PBXShellScriptBuildPhase;
			buildActionMask = 2147483647;
			files = (
			);
			inputFileListPaths = (
			);
			inputPaths = (
				"${PODS_PODFILE_DIR_PATH}/Podfile.lock",
				"${PODS_ROOT}/Manifest.lock",
			);
			name = "[CP] Check Pods Manifest.lock";
			outputFileListPaths = (
			);
			outputPaths = (
				"$(DERIVED_FILE_DIR)/Pods-watsupTests-checkManifestLockResult.txt",
			);
			runOnlyForDeploymentPostprocessing = 0;
			shellPath = /bin/sh;
			shellScript = "diff \"${PODS_PODFILE_DIR_PATH}/Podfile.lock\" \"${PODS_ROOT}/Manifest.lock\" > /dev/null\nif [ $? != 0 ] ; then\n    # print error to STDERR\n    echo \"error: The sandbox is not in sync with the Podfile.lock. Run 'pod install' or update your CocoaPods installation.\" >&2\n    exit 1\nfi\n# This output is used by Xcode 'outputs' to avoid re-running this script phase.\necho \"SUCCESS\" > \"${SCRIPT_OUTPUT_FILE_0}\"\n";
			showEnvVarsInLog = 0;
		};
		52BBDEE65AC052CFD7136344 /* [CP] Embed Pods Frameworks */ = {
			isa = PBXShellScriptBuildPhase;
			buildActionMask = 2147483647;
			files = (
			);
			inputFileListPaths = (
				"${PODS_ROOT}/Target Support Files/Pods-watsup/Pods-watsup-frameworks-${CONFIGURATION}-input-files.xcfilelist",
			);
			name = "[CP] Embed Pods Frameworks";
			outputFileListPaths = (
				"${PODS_ROOT}/Target Support Files/Pods-watsup/Pods-watsup-frameworks-${CONFIGURATION}-output-files.xcfilelist",
			);
			runOnlyForDeploymentPostprocessing = 0;
			shellPath = /bin/sh;
			shellScript = "\"${PODS_ROOT}/Target Support Files/Pods-watsup/Pods-watsup-frameworks.sh\"\n";
			showEnvVarsInLog = 0;
		};
		95CF6AC8E6B938453326F821 /* [CP] Check Pods Manifest.lock */ = {
			isa = PBXShellScriptBuildPhase;
			buildActionMask = 2147483647;
			files = (
			);
			inputFileListPaths = (
			);
			inputPaths = (
				"${PODS_PODFILE_DIR_PATH}/Podfile.lock",
				"${PODS_ROOT}/Manifest.lock",
			);
			name = "[CP] Check Pods Manifest.lock";
			outputFileListPaths = (
			);
			outputPaths = (
				"$(DERIVED_FILE_DIR)/Pods-watsup-checkManifestLockResult.txt",
			);
			runOnlyForDeploymentPostprocessing = 0;
			shellPath = /bin/sh;
			shellScript = "diff \"${PODS_PODFILE_DIR_PATH}/Podfile.lock\" \"${PODS_ROOT}/Manifest.lock\" > /dev/null\nif [ $? != 0 ] ; then\n    # print error to STDERR\n    echo \"error: The sandbox is not in sync with the Podfile.lock. Run 'pod install' or update your CocoaPods installation.\" >&2\n    exit 1\nfi\n# This output is used by Xcode 'outputs' to avoid re-running this script phase.\necho \"SUCCESS\" > \"${SCRIPT_OUTPUT_FILE_0}\"\n";
			showEnvVarsInLog = 0;
		};
		E6653E7F8D5DC2F67A912CE9 /* [CP] Embed Pods Frameworks */ = {
			isa = PBXShellScriptBuildPhase;
			buildActionMask = 2147483647;
			files = (
			);
			inputFileListPaths = (
				"${PODS_ROOT}/Target Support Files/Pods-watsup-watsupUITests/Pods-watsup-watsupUITests-frameworks-${CONFIGURATION}-input-files.xcfilelist",
			);
			name = "[CP] Embed Pods Frameworks";
			outputFileListPaths = (
				"${PODS_ROOT}/Target Support Files/Pods-watsup-watsupUITests/Pods-watsup-watsupUITests-frameworks-${CONFIGURATION}-output-files.xcfilelist",
			);
			runOnlyForDeploymentPostprocessing = 0;
			shellPath = /bin/sh;
			shellScript = "\"${PODS_ROOT}/Target Support Files/Pods-watsup-watsupUITests/Pods-watsup-watsupUITests-frameworks.sh\"\n";
			showEnvVarsInLog = 0;
		};
/* End PBXShellScriptBuildPhase section */

/* Begin PBXSourcesBuildPhase section */
		8F61769325B856140059B4B7 /* Sources */ = {
			isa = PBXSourcesBuildPhase;
			buildActionMask = 2147483647;
			files = (
				8F5D5A3C25CECF9C0095C21A /* GetUserGroupResponse.swift in Sources */,
				8F0E41E025B9C61E008AA995 /* GroupListViewController.swift in Sources */,
				8F5D592C25C486AE0095C21A /* PostGroupsRequest.swift in Sources */,
				8F0E41EC25B9C6A0008AA995 /* UserDetailViewController.swift in Sources */,
				8F5AD40D25C4630C00DBF158 /* AuthLoginViewModel.swift in Sources */,
				8F5D5A5525D176300095C21A /* APIError.swift in Sources */,
				8F5AD40125C45F9100DBF158 /* CommonResponse.swift in Sources */,
				8F5D594325C489D10095C21A /* SettingViewController.swift in Sources */,
				8F5D596425C5A75F0095C21A /* GroupInvitedCollectionViewCell.swift in Sources */,
				8F2C5AAB25C06C0E004FF9EF /* APIConstants.swift in Sources */,
				8F5D593125C4871E0095C21A /* PostGroupsResponse.swift in Sources */,
				8F0E421925B9CD75008AA995 /* SelectEmotionView.swift in Sources */,
				8F5D597C25C84CC00095C21A /* AuthRequestVerificationCode.swift in Sources */,
				8F5AD3FC25C45F7300DBF158 /* PostAuthResponse.swift in Sources */,
				8F5D598525C84F6E0095C21A /* AuthVerifyCodeViewController.swift in Sources */,
				8F5AD3DB25C1C52600DBF158 /* AuthLoginViewController.swift in Sources */,
				8F2C59FB25BB25BD004FF9EF /* EmotionRegisterView.swift in Sources */,
				8F2C5AA625C069D0004FF9EF /* APIModel.swift in Sources */,
				8F5D595C25C5648C0095C21A /* SettingProfileTableViewCell.swift in Sources */,
				8F5D5A6225D182420095C21A /* GetUserProfileRequest.swift in Sources */,
				8F5D591D25C473860095C21A /* UIButton+Extension.swift in Sources */,
				8F2C5AA125C067D3004FF9EF /* API.swift in Sources */,
				8F5D593E25C4899A0095C21A /* GetUsersResponse.swift in Sources */,
				8F5D596E25C5A8C80095C21A /* GroupInvitedTableViewCell.swift in Sources */,
				8F5D5A6C25D187D80095C21A /* GetGroupRequest.swift in Sources */,
				8F0E41E525B9C62D008AA995 /* GroupDetailViewController.swift in Sources */,
				8F2C5A2125BB3917004FF9EF /* CommonEnums.swift in Sources */,
				8F0E420A25B9CA03008AA995 /* MainViewController.swift in Sources */,
				8F5AD3D125C1C50100DBF158 /* AuthMainViewController.swift in Sources */,
				8F5D598F25C855260095C21A /* PutCSForgotPassword.swift in Sources */,
				8F5D598A25C854E30095C21A /* PostCSForgotPassword.swift in Sources */,
				8F2C5A1525BB2FBA004FF9EF /* EmotionView.swift in Sources */,
				8F2C5AB125C06DA0004FF9EF /* Request.swift in Sources */,
				8F5D595525C496EC0095C21A /* APITokenStorage.swift in Sources */,
				8F5D5A5D25D181AD0095C21A /* GetUserRequest.swift in Sources */,
				8F5D592225C474D20095C21A /* UIView+Extension.swift in Sources */,
				8F5AD3F725C1CDB200DBF158 /* APIEventMonitor.swift in Sources */,
				8F2C5A0B25BB2CBD004FF9EF /* RandomEmotionView.swift in Sources */,
				8F5D594B25C4924C0095C21A /* GetUserProfileResponse.swift in Sources */,
				8F5D595025C494230095C21A /* APIInterceptor.swift in Sources */,
				8FD6448E25BAFB010056F74E /* BaseViewController.swift in Sources */,
				8F2C5A2A25BB4C22004FF9EF /* EmotionLog.swift in Sources */,
				8F5AD3EF25C1CA4800DBF158 /* Encodable+Extension.swift in Sources */,
				8F5D59B825C864810095C21A /* AuthVerifyCodeViewModel.swift in Sources */,
				8F5AD3D625C1C51800DBF158 /* AuthJoinViewController.swift in Sources */,
				8F5D59B025C863EF0095C21A /* PutCSForgotPasswordResponse.swift in Sources */,
				8F5D5A6725D186CF0095C21A /* GetGroupsResponse.swift in Sources */,
				8F5D5A4525D1741F0095C21A /* PostCSForgotPasswordResponse.swift in Sources */,
				8F61769F25B856140059B4B7 /* TabBarController.swift in Sources */,
				8F0E421E25B9D0A3008AA995 /* XibView.swift in Sources */,
				8F5AD3E625C1CA1B00DBF158 /* PostUsersResponse.swift in Sources */,
				8F5AD3E025C1C85700DBF158 /* CommonConstants.swift in Sources */,
				8F61769B25B856140059B4B7 /* AppDelegate.swift in Sources */,
				8F5D5A3425CECF400095C21A /* GetUserGroupRequest.swift in Sources */,
			);
			runOnlyForDeploymentPostprocessing = 0;
		};
		8F6176A925B856160059B4B7 /* Sources */ = {
			isa = PBXSourcesBuildPhase;
			buildActionMask = 2147483647;
			files = (
				8F6176B225B856160059B4B7 /* watsupTests.swift in Sources */,
			);
			runOnlyForDeploymentPostprocessing = 0;
		};
		8F6176B425B856160059B4B7 /* Sources */ = {
			isa = PBXSourcesBuildPhase;
			buildActionMask = 2147483647;
			files = (
				8F6176BD25B856160059B4B7 /* watsupUITests.swift in Sources */,
			);
			runOnlyForDeploymentPostprocessing = 0;
		};
/* End PBXSourcesBuildPhase section */

/* Begin PBXTargetDependency section */
		8F6176AF25B856160059B4B7 /* PBXTargetDependency */ = {
			isa = PBXTargetDependency;
			target = 8F61769625B856140059B4B7 /* watsup */;
			targetProxy = 8F6176AE25B856160059B4B7 /* PBXContainerItemProxy */;
		};
		8F6176BA25B856160059B4B7 /* PBXTargetDependency */ = {
			isa = PBXTargetDependency;
			target = 8F61769625B856140059B4B7 /* watsup */;
			targetProxy = 8F6176B925B856160059B4B7 /* PBXContainerItemProxy */;
		};
/* End PBXTargetDependency section */

/* Begin PBXVariantGroup section */
		8F6176A025B856140059B4B7 /* TabBar.storyboard */ = {
			isa = PBXVariantGroup;
			children = (
				8F6176A125B856140059B4B7 /* Base */,
			);
			name = TabBar.storyboard;
			sourceTree = "<group>";
		};
		8F6176A525B856150059B4B7 /* LaunchScreen.storyboard */ = {
			isa = PBXVariantGroup;
			children = (
				8F6176A625B856150059B4B7 /* Base */,
			);
			name = LaunchScreen.storyboard;
			sourceTree = "<group>";
		};
/* End PBXVariantGroup section */

/* Begin XCBuildConfiguration section */
		8F6176BF25B856160059B4B7 /* Debug */ = {
			isa = XCBuildConfiguration;
			buildSettings = {
				ALWAYS_SEARCH_USER_PATHS = NO;
				CLANG_ANALYZER_NONNULL = YES;
				CLANG_ANALYZER_NUMBER_OBJECT_CONVERSION = YES_AGGRESSIVE;
				CLANG_CXX_LANGUAGE_STANDARD = "gnu++14";
				CLANG_CXX_LIBRARY = "libc++";
				CLANG_ENABLE_MODULES = YES;
				CLANG_ENABLE_OBJC_ARC = YES;
				CLANG_ENABLE_OBJC_WEAK = YES;
				CLANG_WARN_BLOCK_CAPTURE_AUTORELEASING = YES;
				CLANG_WARN_BOOL_CONVERSION = YES;
				CLANG_WARN_COMMA = YES;
				CLANG_WARN_CONSTANT_CONVERSION = YES;
				CLANG_WARN_DEPRECATED_OBJC_IMPLEMENTATIONS = YES;
				CLANG_WARN_DIRECT_OBJC_ISA_USAGE = YES_ERROR;
				CLANG_WARN_DOCUMENTATION_COMMENTS = YES;
				CLANG_WARN_EMPTY_BODY = YES;
				CLANG_WARN_ENUM_CONVERSION = YES;
				CLANG_WARN_INFINITE_RECURSION = YES;
				CLANG_WARN_INT_CONVERSION = YES;
				CLANG_WARN_NON_LITERAL_NULL_CONVERSION = YES;
				CLANG_WARN_OBJC_IMPLICIT_RETAIN_SELF = YES;
				CLANG_WARN_OBJC_LITERAL_CONVERSION = YES;
				CLANG_WARN_OBJC_ROOT_CLASS = YES_ERROR;
				CLANG_WARN_QUOTED_INCLUDE_IN_FRAMEWORK_HEADER = YES;
				CLANG_WARN_RANGE_LOOP_ANALYSIS = YES;
				CLANG_WARN_STRICT_PROTOTYPES = YES;
				CLANG_WARN_SUSPICIOUS_MOVE = YES;
				CLANG_WARN_UNGUARDED_AVAILABILITY = YES_AGGRESSIVE;
				CLANG_WARN_UNREACHABLE_CODE = YES;
				CLANG_WARN__DUPLICATE_METHOD_MATCH = YES;
				COPY_PHASE_STRIP = NO;
				DEBUG_INFORMATION_FORMAT = dwarf;
				ENABLE_STRICT_OBJC_MSGSEND = YES;
				ENABLE_TESTABILITY = YES;
				GCC_C_LANGUAGE_STANDARD = gnu11;
				GCC_DYNAMIC_NO_PIC = NO;
				GCC_NO_COMMON_BLOCKS = YES;
				GCC_OPTIMIZATION_LEVEL = 0;
				GCC_PREPROCESSOR_DEFINITIONS = (
					"DEBUG=1",
					"$(inherited)",
				);
				GCC_WARN_64_TO_32_BIT_CONVERSION = YES;
				GCC_WARN_ABOUT_RETURN_TYPE = YES_ERROR;
				GCC_WARN_UNDECLARED_SELECTOR = YES;
				GCC_WARN_UNINITIALIZED_AUTOS = YES_AGGRESSIVE;
				GCC_WARN_UNUSED_FUNCTION = YES;
				GCC_WARN_UNUSED_VARIABLE = YES;
				IPHONEOS_DEPLOYMENT_TARGET = 13.0;
				MTL_ENABLE_DEBUG_INFO = INCLUDE_SOURCE;
				MTL_FAST_MATH = YES;
				ONLY_ACTIVE_ARCH = YES;
				SDKROOT = iphoneos;
				SWIFT_ACTIVE_COMPILATION_CONDITIONS = DEBUG;
				SWIFT_OPTIMIZATION_LEVEL = "-Onone";
			};
			name = Debug;
		};
		8F6176C025B856160059B4B7 /* Release */ = {
			isa = XCBuildConfiguration;
			buildSettings = {
				ALWAYS_SEARCH_USER_PATHS = NO;
				CLANG_ANALYZER_NONNULL = YES;
				CLANG_ANALYZER_NUMBER_OBJECT_CONVERSION = YES_AGGRESSIVE;
				CLANG_CXX_LANGUAGE_STANDARD = "gnu++14";
				CLANG_CXX_LIBRARY = "libc++";
				CLANG_ENABLE_MODULES = YES;
				CLANG_ENABLE_OBJC_ARC = YES;
				CLANG_ENABLE_OBJC_WEAK = YES;
				CLANG_WARN_BLOCK_CAPTURE_AUTORELEASING = YES;
				CLANG_WARN_BOOL_CONVERSION = YES;
				CLANG_WARN_COMMA = YES;
				CLANG_WARN_CONSTANT_CONVERSION = YES;
				CLANG_WARN_DEPRECATED_OBJC_IMPLEMENTATIONS = YES;
				CLANG_WARN_DIRECT_OBJC_ISA_USAGE = YES_ERROR;
				CLANG_WARN_DOCUMENTATION_COMMENTS = YES;
				CLANG_WARN_EMPTY_BODY = YES;
				CLANG_WARN_ENUM_CONVERSION = YES;
				CLANG_WARN_INFINITE_RECURSION = YES;
				CLANG_WARN_INT_CONVERSION = YES;
				CLANG_WARN_NON_LITERAL_NULL_CONVERSION = YES;
				CLANG_WARN_OBJC_IMPLICIT_RETAIN_SELF = YES;
				CLANG_WARN_OBJC_LITERAL_CONVERSION = YES;
				CLANG_WARN_OBJC_ROOT_CLASS = YES_ERROR;
				CLANG_WARN_QUOTED_INCLUDE_IN_FRAMEWORK_HEADER = YES;
				CLANG_WARN_RANGE_LOOP_ANALYSIS = YES;
				CLANG_WARN_STRICT_PROTOTYPES = YES;
				CLANG_WARN_SUSPICIOUS_MOVE = YES;
				CLANG_WARN_UNGUARDED_AVAILABILITY = YES_AGGRESSIVE;
				CLANG_WARN_UNREACHABLE_CODE = YES;
				CLANG_WARN__DUPLICATE_METHOD_MATCH = YES;
				COPY_PHASE_STRIP = NO;
				DEBUG_INFORMATION_FORMAT = "dwarf-with-dsym";
				ENABLE_NS_ASSERTIONS = NO;
				ENABLE_STRICT_OBJC_MSGSEND = YES;
				GCC_C_LANGUAGE_STANDARD = gnu11;
				GCC_NO_COMMON_BLOCKS = YES;
				GCC_WARN_64_TO_32_BIT_CONVERSION = YES;
				GCC_WARN_ABOUT_RETURN_TYPE = YES_ERROR;
				GCC_WARN_UNDECLARED_SELECTOR = YES;
				GCC_WARN_UNINITIALIZED_AUTOS = YES_AGGRESSIVE;
				GCC_WARN_UNUSED_FUNCTION = YES;
				GCC_WARN_UNUSED_VARIABLE = YES;
				IPHONEOS_DEPLOYMENT_TARGET = 13.0;
				MTL_ENABLE_DEBUG_INFO = NO;
				MTL_FAST_MATH = YES;
				SDKROOT = iphoneos;
				SWIFT_COMPILATION_MODE = wholemodule;
				SWIFT_OPTIMIZATION_LEVEL = "-O";
				VALIDATE_PRODUCT = YES;
			};
			name = Release;
		};
		8F6176C225B856160059B4B7 /* Debug */ = {
			isa = XCBuildConfiguration;
			baseConfigurationReference = C9CB51354ACB513130627B1E /* Pods-watsup.debug.xcconfig */;
			buildSettings = {
				ASSETCATALOG_COMPILER_APPICON_NAME = AppIcon;
				ASSETCATALOG_COMPILER_GLOBAL_ACCENT_COLOR_NAME = AccentColor;
				CODE_SIGN_ENTITLEMENTS = watsup/watsup.entitlements;
				CODE_SIGN_IDENTITY = "iPhone Developer";
				CODE_SIGN_STYLE = Manual;
				DEVELOPMENT_TEAM = 4LNDH8PGHE;
				INFOPLIST_FILE = watsup/Info.plist;
				IPHONEOS_DEPLOYMENT_TARGET = 13.0;
				LD_RUNPATH_SEARCH_PATHS = (
					"$(inherited)",
					"@executable_path/Frameworks",
				);
				PRODUCT_BUNDLE_IDENTIFIER = com.team726.watsup;
				PRODUCT_NAME = "$(TARGET_NAME)";
				PROVISIONING_PROFILE_SPECIFIER = "Watsup Development Provisioning Profile";
				SWIFT_VERSION = 5.0;
				TARGETED_DEVICE_FAMILY = 1;
			};
			name = Debug;
		};
		8F6176C325B856160059B4B7 /* Release */ = {
			isa = XCBuildConfiguration;
			baseConfigurationReference = 4FC462EAB5F2AA314ECC1401 /* Pods-watsup.release.xcconfig */;
			buildSettings = {
				ASSETCATALOG_COMPILER_APPICON_NAME = AppIcon;
				ASSETCATALOG_COMPILER_GLOBAL_ACCENT_COLOR_NAME = AccentColor;
				CODE_SIGN_ENTITLEMENTS = watsup/watsup.entitlements;
				CODE_SIGN_IDENTITY = "iPhone Developer";
				CODE_SIGN_STYLE = Manual;
				DEVELOPMENT_TEAM = 4LNDH8PGHE;
				INFOPLIST_FILE = watsup/Info.plist;
				IPHONEOS_DEPLOYMENT_TARGET = 13.0;
				LD_RUNPATH_SEARCH_PATHS = (
					"$(inherited)",
					"@executable_path/Frameworks",
				);
				PRODUCT_BUNDLE_IDENTIFIER = com.team726.watsup;
				PRODUCT_NAME = "$(TARGET_NAME)";
				PROVISIONING_PROFILE_SPECIFIER = "Watsup Development Provisioning Profile";
				SWIFT_VERSION = 5.0;
				TARGETED_DEVICE_FAMILY = 1;
			};
			name = Release;
		};
		8F6176C525B856160059B4B7 /* Debug */ = {
			isa = XCBuildConfiguration;
			baseConfigurationReference = FE26638783DFC7123EB90D99 /* Pods-watsupTests.debug.xcconfig */;
			buildSettings = {
				ALWAYS_EMBED_SWIFT_STANDARD_LIBRARIES = YES;
				BUNDLE_LOADER = "$(TEST_HOST)";
				CODE_SIGN_STYLE = Automatic;
				DEVELOPMENT_TEAM = 4LNDH8PGHE;
				INFOPLIST_FILE = watsupTests/Info.plist;
				IPHONEOS_DEPLOYMENT_TARGET = 14.0;
				LD_RUNPATH_SEARCH_PATHS = (
					"$(inherited)",
					"@executable_path/Frameworks",
					"@loader_path/Frameworks",
				);
				PRODUCT_BUNDLE_IDENTIFIER = kr.co.team726.watsupTests;
				PRODUCT_NAME = "$(TARGET_NAME)";
				SWIFT_VERSION = 5.0;
				TARGETED_DEVICE_FAMILY = "1,2";
				TEST_HOST = "$(BUILT_PRODUCTS_DIR)/watsup.app/watsup";
			};
			name = Debug;
		};
		8F6176C625B856160059B4B7 /* Release */ = {
			isa = XCBuildConfiguration;
			baseConfigurationReference = 011C5311030AF4467DC63AF6 /* Pods-watsupTests.release.xcconfig */;
			buildSettings = {
				ALWAYS_EMBED_SWIFT_STANDARD_LIBRARIES = YES;
				BUNDLE_LOADER = "$(TEST_HOST)";
				CODE_SIGN_STYLE = Automatic;
				DEVELOPMENT_TEAM = 4LNDH8PGHE;
				INFOPLIST_FILE = watsupTests/Info.plist;
				IPHONEOS_DEPLOYMENT_TARGET = 14.0;
				LD_RUNPATH_SEARCH_PATHS = (
					"$(inherited)",
					"@executable_path/Frameworks",
					"@loader_path/Frameworks",
				);
				PRODUCT_BUNDLE_IDENTIFIER = kr.co.team726.watsupTests;
				PRODUCT_NAME = "$(TARGET_NAME)";
				SWIFT_VERSION = 5.0;
				TARGETED_DEVICE_FAMILY = "1,2";
				TEST_HOST = "$(BUILT_PRODUCTS_DIR)/watsup.app/watsup";
			};
			name = Release;
		};
		8F6176C825B856160059B4B7 /* Debug */ = {
			isa = XCBuildConfiguration;
			baseConfigurationReference = 1DBE657E9F6835EB43FF5A1D /* Pods-watsup-watsupUITests.debug.xcconfig */;
			buildSettings = {
				ALWAYS_EMBED_SWIFT_STANDARD_LIBRARIES = YES;
				CODE_SIGN_STYLE = Automatic;
				DEVELOPMENT_TEAM = 4LNDH8PGHE;
				INFOPLIST_FILE = watsupUITests/Info.plist;
				LD_RUNPATH_SEARCH_PATHS = (
					"$(inherited)",
					"@executable_path/Frameworks",
					"@loader_path/Frameworks",
				);
				PRODUCT_BUNDLE_IDENTIFIER = kr.co.team726.watsupUITests;
				PRODUCT_NAME = "$(TARGET_NAME)";
				SWIFT_VERSION = 5.0;
				TARGETED_DEVICE_FAMILY = "1,2";
				TEST_TARGET_NAME = watsup;
			};
			name = Debug;
		};
		8F6176C925B856160059B4B7 /* Release */ = {
			isa = XCBuildConfiguration;
			baseConfigurationReference = EC52E897B17F5438C4265895 /* Pods-watsup-watsupUITests.release.xcconfig */;
			buildSettings = {
				ALWAYS_EMBED_SWIFT_STANDARD_LIBRARIES = YES;
				CODE_SIGN_STYLE = Automatic;
				DEVELOPMENT_TEAM = 4LNDH8PGHE;
				INFOPLIST_FILE = watsupUITests/Info.plist;
				LD_RUNPATH_SEARCH_PATHS = (
					"$(inherited)",
					"@executable_path/Frameworks",
					"@loader_path/Frameworks",
				);
				PRODUCT_BUNDLE_IDENTIFIER = kr.co.team726.watsupUITests;
				PRODUCT_NAME = "$(TARGET_NAME)";
				SWIFT_VERSION = 5.0;
				TARGETED_DEVICE_FAMILY = "1,2";
				TEST_TARGET_NAME = watsup;
			};
			name = Release;
		};
/* End XCBuildConfiguration section */

/* Begin XCConfigurationList section */
		8F61769225B856140059B4B7 /* Build configuration list for PBXProject "watsup" */ = {
			isa = XCConfigurationList;
			buildConfigurations = (
				8F6176BF25B856160059B4B7 /* Debug */,
				8F6176C025B856160059B4B7 /* Release */,
			);
			defaultConfigurationIsVisible = 0;
			defaultConfigurationName = Release;
		};
		8F6176C125B856160059B4B7 /* Build configuration list for PBXNativeTarget "watsup" */ = {
			isa = XCConfigurationList;
			buildConfigurations = (
				8F6176C225B856160059B4B7 /* Debug */,
				8F6176C325B856160059B4B7 /* Release */,
			);
			defaultConfigurationIsVisible = 0;
			defaultConfigurationName = Release;
		};
		8F6176C425B856160059B4B7 /* Build configuration list for PBXNativeTarget "watsupTests" */ = {
			isa = XCConfigurationList;
			buildConfigurations = (
				8F6176C525B856160059B4B7 /* Debug */,
				8F6176C625B856160059B4B7 /* Release */,
			);
			defaultConfigurationIsVisible = 0;
			defaultConfigurationName = Release;
		};
		8F6176C725B856160059B4B7 /* Build configuration list for PBXNativeTarget "watsupUITests" */ = {
			isa = XCConfigurationList;
			buildConfigurations = (
				8F6176C825B856160059B4B7 /* Debug */,
				8F6176C925B856160059B4B7 /* Release */,
			);
			defaultConfigurationIsVisible = 0;
			defaultConfigurationName = Release;
		};
/* End XCConfigurationList section */

/* Begin XCRemoteSwiftPackageReference section */
		8F5D5A0125CE67A40095C21A /* XCRemoteSwiftPackageReference "realm-cocoa" */ = {
			isa = XCRemoteSwiftPackageReference;
			repositoryURL = "https://github.com/realm/realm-cocoa.git";
			requirement = {
				kind = upToNextMajorVersion;
				minimumVersion = 10.5.1;
			};
		};
/* End XCRemoteSwiftPackageReference section */

/* Begin XCSwiftPackageProductDependency section */
		8F2C5A9325C064B4004FF9EF /* CommonLibrary */ = {
			isa = XCSwiftPackageProductDependency;
			productName = CommonLibrary;
		};
		8F5D5A0225CE67A40095C21A /* Realm */ = {
			isa = XCSwiftPackageProductDependency;
			package = 8F5D5A0125CE67A40095C21A /* XCRemoteSwiftPackageReference "realm-cocoa" */;
			productName = Realm;
		};
		8F5D5A0425CE67A40095C21A /* RealmSwift */ = {
			isa = XCSwiftPackageProductDependency;
			package = 8F5D5A0125CE67A40095C21A /* XCRemoteSwiftPackageReference "realm-cocoa" */;
			productName = RealmSwift;
		};
/* End XCSwiftPackageProductDependency section */
	};
	rootObject = 8F61768F25B856140059B4B7 /* Project object */;
}
